
Microsoft Visual Studio Solution File, Format Version 12.00
# Visual Studio Version 17
VisualStudioVersion = 17.1.32421.90
MinimumVisualStudioVersion = 10.0.40219.1
Project("{FAE04EC0-301F-11D3-BF4B-00C04F79EFBC}") = "Mestrado", "Mestrado\Mestrado.csproj", "{D877FB9A-6B86-4A15-A190-AEE778081EC8}"
EndProject
Global
	GlobalSection(SolutionConfigurationPlatforms) = preSolution
		Debug|Any CPU = Debug|Any CPU
		Release|Any CPU = Release|Any CPU
	EndGlobalSection
	GlobalSection(ProjectConfigurationPlatforms) = postSolution
		{D877FB9A-6B86-4A15-A190-AEE778081EC8}.Debug|Any CPU.ActiveCfg = Debug|Any CPU
		{D877FB9A-6B86-4A15-A190-AEE778081EC8}.Debug|Any CPU.Build.0 = Debug|Any CPU
		{D877FB9A-6B86-4A15-A190-AEE778081EC8}.Release|Any CPU.ActiveCfg = Release|Any CPU
		{D877FB9A-6B86-4A15-A190-AEE778081EC8}.Release|Any CPU.Build.0 = Release|Any CPU
	EndGlobalSection
	GlobalSection(SolutionProperties) = preSolution
		HideSolutionNode = FALSE
	EndGlobalSection
	GlobalSection(ExtensibilityGlobals) = postSolution
		SolutionGuid = {921B6D47-6213-4E49-A705-55BD9196A286}
	EndGlobalSection
EndGlobal
